
Microsoft Visual Studio Solution File, Format Version 12.00
# Visual Studio Version 17
VisualStudioVersion = 17.0.31903.59
MinimumVisualStudioVersion = 10.0.40219.1
Project("{FAE04EC0-301F-11D3-BF4B-00C04F79EFBC}") = "BlazorApp.Sample", "BlazorApp.Sample\BlazorApp.Sample.csproj", "{B0F61F5F-8BF0-4AED-8C76-FEF4924BE529}"
EndProject
Project("{FAE04EC0-301F-11D3-BF4B-00C04F79EFBC}") = "BlazorFormTemplate", "BlazorFormTemplate\BlazorFormTemplate.csproj", "{7C55CC22-01E8-408C-84BA-4593C74B7B4E}"
EndProject
Global
	GlobalSection(SolutionConfigurationPlatforms) = preSolution
		Debug|Any CPU = Debug|Any CPU
		Release|Any CPU = Release|Any CPU
	EndGlobalSection
	GlobalSection(ProjectConfigurationPlatforms) = postSolution
		{B0F61F5F-8BF0-4AED-8C76-FEF4924BE529}.Debug|Any CPU.ActiveCfg = Debug|Any CPU
		{B0F61F5F-8BF0-4AED-8C76-FEF4924BE529}.Debug|Any CPU.Build.0 = Debug|Any CPU
		{B0F61F5F-8BF0-4AED-8C76-FEF4924BE529}.Release|Any CPU.ActiveCfg = Release|Any CPU
		{B0F61F5F-8BF0-4AED-8C76-FEF4924BE529}.Release|Any CPU.Build.0 = Release|Any CPU
		{7C55CC22-01E8-408C-84BA-4593C74B7B4E}.Debug|Any CPU.ActiveCfg = Debug|Any CPU
		{7C55CC22-01E8-408C-84BA-4593C74B7B4E}.Debug|Any CPU.Build.0 = Debug|Any CPU
		{7C55CC22-01E8-408C-84BA-4593C74B7B4E}.Release|Any CPU.ActiveCfg = Release|Any CPU
		{7C55CC22-01E8-408C-84BA-4593C74B7B4E}.Release|Any CPU.Build.0 = Release|Any CPU
	EndGlobalSection
	GlobalSection(SolutionProperties) = preSolution
		HideSolutionNode = FALSE
	EndGlobalSection
	GlobalSection(ExtensibilityGlobals) = postSolution
		SolutionGuid = {B3A47A81-CD8E-4B23-BC91-31CB4ACC29B1}
	EndGlobalSection
EndGlobal
